
Microsoft Visual Studio Solution File, Format Version 12.00
# Visual Studio Version 16
VisualStudioVersion = 16.0.30804.86
MinimumVisualStudioVersion = 10.0.40219.1
Project("{FAE04EC0-301F-11D3-BF4B-00C04F79EFBC}") = "CodeGenerator", "CodeGenerator\CodeGenerator.csproj", "{BC6E5F0B-7824-426D-B745-D6EAB511EC4C}"
EndProject
Global
	GlobalSection(SolutionConfigurationPlatforms) = preSolution
		Debug|Any CPU = Debug|Any CPU
		Release|Any CPU = Release|Any CPU
	EndGlobalSection
	GlobalSection(ProjectConfigurationPlatforms) = postSolution
		{BC6E5F0B-7824-426D-B745-D6EAB511EC4C}.Debug|Any CPU.ActiveCfg = Debug|Any CPU
		{BC6E5F0B-7824-426D-B745-D6EAB511EC4C}.Debug|Any CPU.Build.0 = Debug|Any CPU
		{BC6E5F0B-7824-426D-B745-D6EAB511EC4C}.Release|Any CPU.ActiveCfg = Release|Any CPU
		{BC6E5F0B-7824-426D-B745-D6EAB511EC4C}.Release|Any CPU.Build.0 = Release|Any CPU
	EndGlobalSection
	GlobalSection(SolutionProperties) = preSolution
		HideSolutionNode = FALSE
	EndGlobalSection
	GlobalSection(ExtensibilityGlobals) = postSolution
		SolutionGuid = {1AAB9479-54C7-49CE-88DF-B9E1A16EE964}
	EndGlobalSection
EndGlobal
